{
  "requires": true,
  "lockfileVersion": 1,
  "dependencies": {
    "@antv/data-set": {
      "version": "0.10.2",
      "resolved": "https://registry.npm.taobao.org/@antv/data-set/download/@antv/data-set-0.10.2.tgz",
      "integrity": "sha1-WEqVdOfghThHy2WNUbn3NFoAAy8=",
      "dev": true,
      "requires": {
        "@antv/hierarchy": "~0.4.0",
        "@antv/util": "~1.3.1",
        "d3-array": "~1.2.0",
        "d3-composite-projections": "~1.2.0",
        "d3-dsv": "~1.0.5",
        "d3-geo": "~1.6.4",
        "d3-geo-projection": "~2.1.2",
        "d3-hexjson": "~1.0.1",
        "d3-hierarchy": "~1.1.5",
        "d3-sankey": "~0.7.1",
        "d3-voronoi": "~1.1.2",
        "dagre": "~0.8.2",
        "point-at-length": "~1.0.2",
        "regression": "~2.0.0",
        "simple-statistics": "~6.1.0",
        "topojson-client": "~3.0.0",
        "wolfy87-eventemitter": "~5.1.0"
      }
    },
    "@antv/gl-matrix": {
      "version": "2.7.1",
      "resolved": "https://registry.npm.taobao.org/@antv/gl-matrix/download/@antv/gl-matrix-2.7.1.tgz",
      "integrity": "sha1-rLjjf3qz3wE0WrpDcteUK+QuuhQ=",
      "dev": true
    },
    "@antv/hierarchy": {
      "version": "0.4.0",
      "resolved": "https://registry.npm.taobao.org/@antv/hierarchy/download/@antv/hierarchy-0.4.0.tgz",
      "integrity": "sha1-cStbRHfuC4uNsXTGgrU1awQRqrY=",
      "dev": true,
      "requires": {
        "@antv/util": "~1.3.1"
      }
    },
    "@antv/util": {
      "version": "1.3.1",
      "resolved": "https://registry.npm.taobao.org/@antv/util/download/@antv/util-1.3.1.tgz",
      "integrity": "sha1-MKNLIB/5Em7A1YxyyBZqnD5kTM0=",
      "dev": true,
      "requires": {
        "@antv/gl-matrix": "^2.7.1"
      }
    },
    "abs-svg-path": {
      "version": "0.1.1",
      "resolved": "https://registry.npm.taobao.org/abs-svg-path/download/abs-svg-path-0.1.1.tgz",
      "integrity": "sha1-32Acjo0roQ1KdtYl4japo5wnI78=",
      "dev": true
    },
    "commander": {
      "version": "2.20.0",
      "resolved": "https://registry.npm.taobao.org/commander/download/commander-2.20.0.tgz?cache=0&sync_timestamp=1565398176321&other_urls=https%3A%2F%2Fregistry.npm.taobao.org%2Fcommander%2Fdownload%2Fcommander-2.20.0.tgz",
      "integrity": "sha1-1YuytcHuj4ew00ACfp6U4iLFpCI=",
      "dev": true
    },
    "d3-array": {
      "version": "1.2.4",
      "resolved": "https://registry.npm.taobao.org/d3-array/download/d3-array-1.2.4.tgz",
      "integrity": "sha1-Y1zk1e6nWfb2BYY9vPww7cc39x8=",
      "dev": true
    },
    "d3-collection": {
      "version": "1.0.7",
      "resolved": "https://registry.npm.taobao.org/d3-collection/download/d3-collection-1.0.7.tgz",
      "integrity": "sha1-NJvSqpl32wcQkcExRNXk8WtbMQ4=",
      "dev": true
    },
    "d3-composite-projections": {
      "version": "1.2.3",
      "resolved": "https://registry.npm.taobao.org/d3-composite-projections/download/d3-composite-projections-1.2.3.tgz",
      "integrity": "sha1-1Cg7MvynerCuq5I1T3cmQQ+Uscw=",
      "dev": true,
      "requires": {
        "d3-geo": "^1.11.6",
        "d3-path": "^1.0.7"
      },
      "dependencies": {
        "d3-geo": {
          "version": "1.11.6",
          "resolved": "https://registry.npm.taobao.org/d3-geo/download/d3-geo-1.11.6.tgz",
          "integrity": "sha1-E08u8DX/daRIB1+v3qknAqLg4M8=",
          "dev": true,
          "requires": {
            "d3-array": "1"
          }
        }
      }
    },
    "d3-dsv": {
      "version": "1.0.10",
      "resolved": "https://registry.npm.taobao.org/d3-dsv/download/d3-dsv-1.0.10.tgz",
      "integrity": "sha1-Q3HEiaKmVKKXrKFvyvYFpvMab1E=",
      "dev": true,
      "requires": {
        "commander": "2",
        "iconv-lite": "0.4",
        "rw": "1"
      }
    },
    "d3-geo": {
      "version": "1.6.4",
      "resolved": "https://registry.npm.taobao.org/d3-geo/download/d3-geo-1.6.4.tgz",
      "integrity": "sha1-8g4eRhyxhF9ai+Vatvh2VCp+MZk=",
      "dev": true,
      "requires": {
        "d3-array": "1"
      }
    },
    "d3-geo-projection": {
      "version": "2.1.2",
      "resolved": "https://registry.npm.taobao.org/d3-geo-projection/download/d3-geo-projection-2.1.2.tgz",
      "integrity": "sha1-ffjh6dBG1jHGUJ9+UxNX1K3CSqM=",
      "dev": true,
      "requires": {
        "commander": "2",
        "d3-array": "1",
        "d3-geo": "^1.1.0"
      }
    },
    "d3-hexjson": {
      "version": "1.0.1",
      "resolved": "https://registry.npm.taobao.org/d3-hexjson/download/d3-hexjson-1.0.1.tgz",
      "integrity": "sha1-aiMRHoNZ8eIU9dCvo3nAKytn3ws=",
      "dev": true,
      "requires": {
        "d3-array": "1"
      }
    },
    "d3-hierarchy": {
      "version": "1.1.8",
      "resolved": "https://registry.npm.taobao.org/d3-hierarchy/download/d3-hierarchy-1.1.8.tgz",
      "integrity": "sha1-emMXvT7STjJGQbbx526XiDawCMw=",
      "dev": true
    },
    "d3-path": {
      "version": "1.0.8",
      "resolved": "https://registry.npm.taobao.org/d3-path/download/d3-path-1.0.8.tgz",
      "integrity": "sha1-SgYGp5TRBFE+xKivQ1JfN0snhxk=",
      "dev": true
    },
    "d3-sankey": {
      "version": "0.7.1",
      "resolved": "https://registry.npm.taobao.org/d3-sankey/download/d3-sankey-0.7.1.tgz",
      "integrity": "sha1-0imDImj8aaf+yEgD6WwiVqYUxSE=",
      "dev": true,
      "requires": {
        "d3-array": "1",
        "d3-collection": "1",
        "d3-shape": "^1.2.0"
      }
    },
    "d3-shape": {
      "version": "1.3.5",
      "resolved": "https://registry.npm.taobao.org/d3-shape/download/d3-shape-1.3.5.tgz",
      "integrity": "sha1-6BrqWUD1nwp5z8ysASIyqJh8YDM=",
      "dev": true,
      "requires": {
        "d3-path": "1"
      }
    },
    "d3-voronoi": {
      "version": "1.1.4",
      "resolved": "https://registry.npm.taobao.org/d3-voronoi/download/d3-voronoi-1.1.4.tgz",
      "integrity": "sha1-3Tx412U9K7NZKErkeGRdlZRMgpc=",
      "dev": true
    },
    "dagre": {
      "version": "0.8.4",
      "resolved": "https://registry.npm.taobao.org/dagre/download/dagre-0.8.4.tgz",
      "integrity": "sha1-Jrn7j3vcYMYRCgRYw3UmGDZ4YGE=",
      "dev": true,
      "requires": {
        "graphlib": "^2.1.7",
        "lodash": "^4.17.4"
      }
    },
    "graphlib": {
      "version": "2.1.7",
      "resolved": "https://registry.npm.taobao.org/graphlib/download/graphlib-2.1.7.tgz",
      "integrity": "sha1-tqafn0S9neOWPOaASi/J5z2Grsw=",
      "dev": true,
      "requires": {
        "lodash": "^4.17.5"
      }
    },
    "iconv-lite": {
      "version": "0.4.24",
      "resolved": "https://registry.npm.taobao.org/iconv-lite/download/iconv-lite-0.4.24.tgz",
      "integrity": "sha1-ICK0sl+93CHS9SSXSkdKr+czkIs=",
      "dev": true,
      "requires": {
        "safer-buffer": ">= 2.1.2 < 3"
      }
    },
    "isarray": {
      "version": "0.0.1",
      "resolved": "https://registry.npm.taobao.org/isarray/download/isarray-0.0.1.tgz?cache=0&sync_timestamp=1562592096220&other_urls=https%3A%2F%2Fregistry.npm.taobao.org%2Fisarray%2Fdownload%2Fisarray-0.0.1.tgz",
      "integrity": "sha1-ihis/Kmo9Bd+Cav8YDiTmwXR7t8=",
      "dev": true
    },
    "lodash": {
      "version": "4.17.15",
      "resolved": "https://registry.npm.taobao.org/lodash/download/lodash-4.17.15.tgz?cache=0&other_urls=https%3A%2F%2Fregistry.npm.taobao.org%2Flodash%2Fdownload%2Flodash-4.17.15.tgz",
      "integrity": "sha1-tEf2ZwoEVbv+7dETku/zMOoJdUg=",
      "dev": true
    },
    "parse-svg-path": {
      "version": "0.1.2",
      "resolved": "https://registry.npm.taobao.org/parse-svg-path/download/parse-svg-path-0.1.2.tgz",
      "integrity": "sha1-en7A0esG+lMlx9PgCbhZoJtdSes=",
      "dev": true
    },
    "point-at-length": {
      "version": "1.0.2",
      "resolved": "https://registry.npm.taobao.org/point-at-length/download/point-at-length-1.0.2.tgz",
      "integrity": "sha1-kXbY1tfIFi8Stkb3B9ufDqcoEl4=",
      "dev": true,
      "requires": {
        "abs-svg-path": "~0.1.1",
        "isarray": "~0.0.1",
        "parse-svg-path": "~0.1.1"
      }
    },
    "regression": {
      "version": "2.0.1",
      "resolved": "https://registry.npm.taobao.org/regression/download/regression-2.0.1.tgz",
      "integrity": "sha1-jSnD6CJKEIUMNeM36FqLL6w7DIc=",
      "dev": true
    },
    "rw": {
      "version": "1.3.3",
      "resolved": "https://registry.npm.taobao.org/rw/download/rw-1.3.3.tgz",
      "integrity": "sha1-P4Yt+pGrdmsUiF700BEkv9oHT7Q=",
      "dev": true
    },
    "safer-buffer": {
      "version": "2.1.2",
      "resolved": "http://registry.npm.taobao.org/safer-buffer/download/safer-buffer-2.1.2.tgz",
      "integrity": "sha1-RPoWGwGHuVSd2Eu5GAL5vYOFzWo=",
      "dev": true
    },
    "simple-statistics": {
      "version": "6.1.1",
      "resolved": "https://registry.npm.taobao.org/simple-statistics/download/simple-statistics-6.1.1.tgz",
      "integrity": "sha1-46B5n/xJkU1vQhxaSsWF9qE+K60=",
      "dev": true
    },
    "topojson-client": {
      "version": "3.0.0",
      "resolved": "https://registry.npm.taobao.org/topojson-client/download/topojson-client-3.0.0.tgz",
      "integrity": "sha1-H5kpOnfvQqRI0DKoGqmCtz82DS8=",
      "dev": true,
      "requires": {
        "commander": "2"
      }
    },
    "wolfy87-eventemitter": {
      "version": "5.1.0",
      "resolved": "https://registry.npm.taobao.org/wolfy87-eventemitter/download/wolfy87-eventemitter-5.1.0.tgz",
      "integrity": "sha1-NcGsDdGsDBXjXZgVCPwiCEoToBE=",
      "dev": true
    }
  }
}
